github.com/icarus3/Collatz v0.0.0-20191009195119-5e6d1774309a h1:GtnSpDn/10PIBbZvLVEAs3dIxbwhDSE6s3H2M+rwRXY=
github.com/icarus3/Collatz v0.0.0-20191009195119-5e6d1774309a/go.mod h1:8DreFeN5YiGAW1+WszozYwjRSRX3gqs8J8oVbQAiKWs=
github.com/icarus3/Collatz v0.0.0-20191009205817-da12cd91cfd7 h1:zYgr8HFOJNNzuAOZGhRleHf6+DZZGkm9y/qXXj14AsI=
github.com/icarus3/Collatz v0.0.0-20191009205817-da12cd91cfd7/go.mod h1:8DreFeN5YiGAW1+WszozYwjRSRX3gqs8J8oVbQAiKWs=
github.com/streadway/amqp v0.0.0-20190827072141-edfb9018d271 h1:WhxRHzgeVGETMlmVfqhRn8RIeeNoPr2Czh33I4Zdccw=
github.com/streadway/amqp v0.0.0-20190827072141-edfb9018d271/go.mod h1:AZpEONHx3DKn8O/DFsRAY58/XVQiIPMTMB1SddzLXVw=
